
Microsoft Visual Studio Solution File, Format Version 12.00
# Visual Studio Version 16
VisualStudioVersion = 16.0.29806.167
MinimumVisualStudioVersion = 10.0.40219.1
Project("{9A19103F-16F7-4668-BE54-9A1E7A4F7556}") = "QueueMaster.Api", "QueueMaster.Api\QueueMaster.Api.csproj", "{0A14AB99-FFF4-449E-BDF3-FE14E259562C}"
EndProject
Project("{9A19103F-16F7-4668-BE54-9A1E7A4F7556}") = "QueueMaster.WebClient", "QueueMaster.WebClient\QueueMaster.WebClient.csproj", "{D6C6FBA0-2173-4046-85B8-44FD57E73F17}"
EndProject
Project("{FAE04EC0-301F-11D3-BF4B-00C04F79EFBC}") = "QueueMaster.MobileClient.Android", "QueueMaster.MobileClient\QueueMaster.MobileClient.Android\QueueMaster.MobileClient.Android.csproj", "{99D5F1EF-A126-4A10-8965-545B4A947B06}"
EndProject
Project("{FAE04EC0-301F-11D3-BF4B-00C04F79EFBC}") = "QueueMaster.MobileClient.iOS", "QueueMaster.MobileClient\QueueMaster.MobileClient.iOS\QueueMaster.MobileClient.iOS.csproj", "{B0C1065A-2064-474C-8084-0FCC7A6DB4EE}"
EndProject
Project("{FAE04EC0-301F-11D3-BF4B-00C04F79EFBC}") = "QueueMaster.MobileClient", "QueueMaster.MobileClient\QueueMaster.MobileClient\QueueMaster.MobileClient.csproj", "{FEB1580C-1E66-4BFA-A954-893B19EFD03A}"
EndProject
Global
	GlobalSection(SolutionConfigurationPlatforms) = preSolution
		Debug|Any CPU = Debug|Any CPU
		Debug|iPhone = Debug|iPhone
		Debug|iPhoneSimulator = Debug|iPhoneSimulator
		Release|Any CPU = Release|Any CPU
		Release|iPhone = Release|iPhone
		Release|iPhoneSimulator = Release|iPhoneSimulator
	EndGlobalSection
	GlobalSection(ProjectConfigurationPlatforms) = postSolution
		{0A14AB99-FFF4-449E-BDF3-FE14E259562C}.Debug|Any CPU.ActiveCfg = Debug|Any CPU
		{0A14AB99-FFF4-449E-BDF3-FE14E259562C}.Debug|Any CPU.Build.0 = Debug|Any CPU
		{0A14AB99-FFF4-449E-BDF3-FE14E259562C}.Debug|iPhone.ActiveCfg = Debug|Any CPU
		{0A14AB99-FFF4-449E-BDF3-FE14E259562C}.Debug|iPhone.Build.0 = Debug|Any CPU
		{0A14AB99-FFF4-449E-BDF3-FE14E259562C}.Debug|iPhoneSimulator.ActiveCfg = Debug|Any CPU
		{0A14AB99-FFF4-449E-BDF3-FE14E259562C}.Debug|iPhoneSimulator.Build.0 = Debug|Any CPU
		{0A14AB99-FFF4-449E-BDF3-FE14E259562C}.Release|Any CPU.ActiveCfg = Release|Any CPU
		{0A14AB99-FFF4-449E-BDF3-FE14E259562C}.Release|Any CPU.Build.0 = Release|Any CPU
		{0A14AB99-FFF4-449E-BDF3-FE14E259562C}.Release|iPhone.ActiveCfg = Release|Any CPU
		{0A14AB99-FFF4-449E-BDF3-FE14E259562C}.Release|iPhone.Build.0 = Release|Any CPU
		{0A14AB99-FFF4-449E-BDF3-FE14E259562C}.Release|iPhoneSimulator.ActiveCfg = Release|Any CPU
		{0A14AB99-FFF4-449E-BDF3-FE14E259562C}.Release|iPhoneSimulator.Build.0 = Release|Any CPU
		{D6C6FBA0-2173-4046-85B8-44FD57E73F17}.Debug|Any CPU.ActiveCfg = Debug|Any CPU
		{D6C6FBA0-2173-4046-85B8-44FD57E73F17}.Debug|Any CPU.Build.0 = Debug|Any CPU
		{D6C6FBA0-2173-4046-85B8-44FD57E73F17}.Debug|iPhone.ActiveCfg = Debug|Any CPU
		{D6C6FBA0-2173-4046-85B8-44FD57E73F17}.Debug|iPhone.Build.0 = Debug|Any CPU
		{D6C6FBA0-2173-4046-85B8-44FD57E73F17}.Debug|iPhoneSimulator.ActiveCfg = Debug|Any CPU
		{D6C6FBA0-2173-4046-85B8-44FD57E73F17}.Debug|iPhoneSimulator.Build.0 = Debug|Any CPU
		{D6C6FBA0-2173-4046-85B8-44FD57E73F17}.Release|Any CPU.ActiveCfg = Release|Any CPU
		{D6C6FBA0-2173-4046-85B8-44FD57E73F17}.Release|Any CPU.Build.0 = Release|Any CPU
		{D6C6FBA0-2173-4046-85B8-44FD57E73F17}.Release|iPhone.ActiveCfg = Release|Any CPU
		{D6C6FBA0-2173-4046-85B8-44FD57E73F17}.Release|iPhone.Build.0 = Release|Any CPU
		{D6C6FBA0-2173-4046-85B8-44FD57E73F17}.Release|iPhoneSimulator.ActiveCfg = Release|Any CPU
		{D6C6FBA0-2173-4046-85B8-44FD57E73F17}.Release|iPhoneSimulator.Build.0 = Release|Any CPU
		{99D5F1EF-A126-4A10-8965-545B4A947B06}.Debug|Any CPU.ActiveCfg = Debug|Any CPU
		{99D5F1EF-A126-4A10-8965-545B4A947B06}.Debug|Any CPU.Build.0 = Debug|Any CPU
		{99D5F1EF-A126-4A10-8965-545B4A947B06}.Debug|Any CPU.Deploy.0 = Debug|Any CPU
		{99D5F1EF-A126-4A10-8965-545B4A947B06}.Debug|iPhone.ActiveCfg = Debug|Any CPU
		{99D5F1EF-A126-4A10-8965-545B4A947B06}.Debug|iPhone.Build.0 = Debug|Any CPU
		{99D5F1EF-A126-4A10-8965-545B4A947B06}.Debug|iPhone.Deploy.0 = Debug|Any CPU
		{99D5F1EF-A126-4A10-8965-545B4A947B06}.Debug|iPhoneSimulator.ActiveCfg = Debug|Any CPU
		{99D5F1EF-A126-4A10-8965-545B4A947B06}.Debug|iPhoneSimulator.Build.0 = Debug|Any CPU
		{99D5F1EF-A126-4A10-8965-545B4A947B06}.Debug|iPhoneSimulator.Deploy.0 = Debug|Any CPU
		{99D5F1EF-A126-4A10-8965-545B4A947B06}.Release|Any CPU.ActiveCfg = Release|Any CPU
		{99D5F1EF-A126-4A10-8965-545B4A947B06}.Release|Any CPU.Build.0 = Release|Any CPU
		{99D5F1EF-A126-4A10-8965-545B4A947B06}.Release|Any CPU.Deploy.0 = Release|Any CPU
		{99D5F1EF-A126-4A10-8965-545B4A947B06}.Release|iPhone.ActiveCfg = Release|Any CPU
		{99D5F1EF-A126-4A10-8965-545B4A947B06}.Release|iPhone.Build.0 = Release|Any CPU
		{99D5F1EF-A126-4A10-8965-545B4A947B06}.Release|iPhone.Deploy.0 = Release|Any CPU
		{99D5F1EF-A126-4A10-8965-545B4A947B06}.Release|iPhoneSimulator.ActiveCfg = Release|Any CPU
		{99D5F1EF-A126-4A10-8965-545B4A947B06}.Release|iPhoneSimulator.Build.0 = Release|Any CPU
		{99D5F1EF-A126-4A10-8965-545B4A947B06}.Release|iPhoneSimulator.Deploy.0 = Release|Any CPU
		{B0C1065A-2064-474C-8084-0FCC7A6DB4EE}.Debug|Any CPU.ActiveCfg = Debug|iPhone
		{B0C1065A-2064-474C-8084-0FCC7A6DB4EE}.Debug|iPhone.ActiveCfg = Debug|iPhone
		{B0C1065A-2064-474C-8084-0FCC7A6DB4EE}.Debug|iPhone.Build.0 = Debug|iPhone
		{B0C1065A-2064-474C-8084-0FCC7A6DB4EE}.Debug|iPhoneSimulator.ActiveCfg = Debug|iPhoneSimulator
		{B0C1065A-2064-474C-8084-0FCC7A6DB4EE}.Debug|iPhoneSimulator.Build.0 = Debug|iPhoneSimulator
		{B0C1065A-2064-474C-8084-0FCC7A6DB4EE}.Release|Any CPU.ActiveCfg = Release|iPhone
		{B0C1065A-2064-474C-8084-0FCC7A6DB4EE}.Release|iPhone.ActiveCfg = Release|iPhone
		{B0C1065A-2064-474C-8084-0FCC7A6DB4EE}.Release|iPhone.Build.0 = Release|iPhone
		{B0C1065A-2064-474C-8084-0FCC7A6DB4EE}.Release|iPhoneSimulator.ActiveCfg = Release|iPhoneSimulator
		{B0C1065A-2064-474C-8084-0FCC7A6DB4EE}.Release|iPhoneSimulator.Build.0 = Release|iPhoneSimulator
		{FEB1580C-1E66-4BFA-A954-893B19EFD03A}.Debug|Any CPU.ActiveCfg = Debug|Any CPU
		{FEB1580C-1E66-4BFA-A954-893B19EFD03A}.Debug|Any CPU.Build.0 = Debug|Any CPU
		{FEB1580C-1E66-4BFA-A954-893B19EFD03A}.Debug|iPhone.ActiveCfg = Debug|Any CPU
		{FEB1580C-1E66-4BFA-A954-893B19EFD03A}.Debug|iPhone.Build.0 = Debug|Any CPU
		{FEB1580C-1E66-4BFA-A954-893B19EFD03A}.Debug|iPhoneSimulator.ActiveCfg = Debug|Any CPU
		{FEB1580C-1E66-4BFA-A954-893B19EFD03A}.Debug|iPhoneSimulator.Build.0 = Debug|Any CPU
		{FEB1580C-1E66-4BFA-A954-893B19EFD03A}.Release|Any CPU.ActiveCfg = Release|Any CPU
		{FEB1580C-1E66-4BFA-A954-893B19EFD03A}.Release|Any CPU.Build.0 = Release|Any CPU
		{FEB1580C-1E66-4BFA-A954-893B19EFD03A}.Release|iPhone.ActiveCfg = Release|Any CPU
		{FEB1580C-1E66-4BFA-A954-893B19EFD03A}.Release|iPhone.Build.0 = Release|Any CPU
		{FEB1580C-1E66-4BFA-A954-893B19EFD03A}.Release|iPhoneSimulator.ActiveCfg = Release|Any CPU
		{FEB1580C-1E66-4BFA-A954-893B19EFD03A}.Release|iPhoneSimulator.Build.0 = Release|Any CPU
	EndGlobalSection
	GlobalSection(SolutionProperties) = preSolution
		HideSolutionNode = FALSE
	EndGlobalSection
	GlobalSection(ExtensibilityGlobals) = postSolution
		SolutionGuid = {DEA8E682-E847-4A57-A120-6B7CC5905116}
	EndGlobalSection
EndGlobal
